
Microsoft Visual Studio Solution File, Format Version 12.00
# Visual Studio Version 16
VisualStudioVersion = 16.0.31424.327
MinimumVisualStudioVersion = 10.0.40219.1
Project("{FAE04EC0-301F-11D3-BF4B-00C04F79EFBC}") = "AwsSqs.Consumidor", "src\AwsSqs.Consumidor\AwsSqs.Consumidor.csproj", "{B84F61E4-BCC2-4CB5-BD74-A2DD23329BF4}"
EndProject
Project("{FAE04EC0-301F-11D3-BF4B-00C04F79EFBC}") = "AwsSqs.Fornecedor", "src\AwsSqs.Fornecedor\AwsSqs.Fornecedor.csproj", "{1A179F01-96D6-4EB9-AE2D-5BA28C885315}"
EndProject
Global
	GlobalSection(SolutionConfigurationPlatforms) = preSolution
		Debug|Any CPU = Debug|Any CPU
		Release|Any CPU = Release|Any CPU
	EndGlobalSection
	GlobalSection(ProjectConfigurationPlatforms) = postSolution
		{B84F61E4-BCC2-4CB5-BD74-A2DD23329BF4}.Debug|Any CPU.ActiveCfg = Debug|Any CPU
		{B84F61E4-BCC2-4CB5-BD74-A2DD23329BF4}.Debug|Any CPU.Build.0 = Debug|Any CPU
		{B84F61E4-BCC2-4CB5-BD74-A2DD23329BF4}.Release|Any CPU.ActiveCfg = Release|Any CPU
		{B84F61E4-BCC2-4CB5-BD74-A2DD23329BF4}.Release|Any CPU.Build.0 = Release|Any CPU
		{1A179F01-96D6-4EB9-AE2D-5BA28C885315}.Debug|Any CPU.ActiveCfg = Debug|Any CPU
		{1A179F01-96D6-4EB9-AE2D-5BA28C885315}.Debug|Any CPU.Build.0 = Debug|Any CPU
		{1A179F01-96D6-4EB9-AE2D-5BA28C885315}.Release|Any CPU.ActiveCfg = Release|Any CPU
		{1A179F01-96D6-4EB9-AE2D-5BA28C885315}.Release|Any CPU.Build.0 = Release|Any CPU
	EndGlobalSection
	GlobalSection(SolutionProperties) = preSolution
		HideSolutionNode = FALSE
	EndGlobalSection
	GlobalSection(ExtensibilityGlobals) = postSolution
		SolutionGuid = {149013C9-4CE3-4610-B976-B98FEFE2BD69}
	EndGlobalSection
EndGlobal
